
Microsoft Visual Studio Solution File, Format Version 12.00
# Visual Studio Version 17
VisualStudioVersion = 17.7.34221.43
MinimumVisualStudioVersion = 10.0.40219.1
Project("{FAE04EC0-301F-11D3-BF4B-00C04F79EFBC}") = "MvcMovie", "MvcMovie.csproj", "{77F25DAC-5EC9-4267-9880-42DA9FA149F7}"
EndProject
Global
	GlobalSection(SolutionConfigurationPlatforms) = preSolution
		Debug|Any CPU = Debug|Any CPU
		Release|Any CPU = Release|Any CPU
	EndGlobalSection
	GlobalSection(ProjectConfigurationPlatforms) = postSolution
		{77F25DAC-5EC9-4267-9880-42DA9FA149F7}.Debug|Any CPU.ActiveCfg = Debug|Any CPU
		{77F25DAC-5EC9-4267-9880-42DA9FA149F7}.Debug|Any CPU.Build.0 = Debug|Any CPU
		{77F25DAC-5EC9-4267-9880-42DA9FA149F7}.Release|Any CPU.ActiveCfg = Release|Any CPU
		{77F25DAC-5EC9-4267-9880-42DA9FA149F7}.Release|Any CPU.Build.0 = Release|Any CPU
	EndGlobalSection
	GlobalSection(SolutionProperties) = preSolution
		HideSolutionNode = FALSE
	EndGlobalSection
	GlobalSection(ExtensibilityGlobals) = postSolution
		SolutionGuid = {A30B25BE-98F4-4C1D-8D3C-DC51E489B363}
	EndGlobalSection
EndGlobal
